dependencies:
  idf:
    source:
      type: idf
    version: 5.4.0
  network-support:
    dependencies: []
    source:
      path: /Users/efhilton/CLionProjects/heltecV3Tinker/components/network-support
      type: local
    version: '*'
direct_dependencies:
- network-support
manifest_hash: a173932c5fbea2dc6f02c06bcb14f339f6312c6a0b7f1ab7db00b3acd3d16c4d
target: esp32s3
version: 2.0.0
